
Microsoft Visual Studio Solution File, Format Version 12.00
# Visual Studio Version 17
VisualStudioVersion = 17.10.35122.118
MinimumVisualStudioVersion = 10.0.40219.1
Project("{9A19103F-16F7-4668-BE54-9A1E7A4F7556}") = "TAFitting", "TAFitting\TAFitting.csproj", "{F7F1E4F6-68CC-4C28-9A9E-D1659A91CDC8}"
EndProject
Project("{9A19103F-16F7-4668-BE54-9A1E7A4F7556}") = "TAFitting.Model", "TAFitting.Model\TAFitting.Model.csproj", "{086822A3-7FC1-4ECF-973B-973E064AA143}"
EndProject
Project("{9A19103F-16F7-4668-BE54-9A1E7A4F7556}") = "TAFitting.ModelGenerator", "TAFitting.ModelGenerator\TAFitting.ModelGenerator.csproj", "{9EDE77A4-BB16-418D-9C6D-61C6A8F2B1BA}"
EndProject
Project("{2150E333-8FDC-42A3-9474-1A3956D46DE8}") = "Solution Items", "Solution Items", "{1440F8E3-96C3-452E-A318-D4E707AA4AF0}"
	ProjectSection(SolutionItems) = preProject
		README.md = README.md
	EndProjectSection
EndProject
Global
	GlobalSection(SolutionConfigurationPlatforms) = preSolution
		Debug|Any CPU = Debug|Any CPU
		Debug|x64 = Debug|x64
		Debug|x86 = Debug|x86
		Release|Any CPU = Release|Any CPU
		Release|x64 = Release|x64
		Release|x86 = Release|x86
	EndGlobalSection
	GlobalSection(ProjectConfigurationPlatforms) = postSolution
		{F7F1E4F6-68CC-4C28-9A9E-D1659A91CDC8}.Debug|Any CPU.ActiveCfg = Debug|Any CPU
		{F7F1E4F6-68CC-4C28-9A9E-D1659A91CDC8}.Debug|Any CPU.Build.0 = Debug|Any CPU
		{F7F1E4F6-68CC-4C28-9A9E-D1659A91CDC8}.Debug|x64.ActiveCfg = Debug|x64
		{F7F1E4F6-68CC-4C28-9A9E-D1659A91CDC8}.Debug|x64.Build.0 = Debug|x64
		{F7F1E4F6-68CC-4C28-9A9E-D1659A91CDC8}.Debug|x86.ActiveCfg = Debug|x86
		{F7F1E4F6-68CC-4C28-9A9E-D1659A91CDC8}.Debug|x86.Build.0 = Debug|x86
		{F7F1E4F6-68CC-4C28-9A9E-D1659A91CDC8}.Release|Any CPU.ActiveCfg = Release|Any CPU
		{F7F1E4F6-68CC-4C28-9A9E-D1659A91CDC8}.Release|Any CPU.Build.0 = Release|Any CPU
		{F7F1E4F6-68CC-4C28-9A9E-D1659A91CDC8}.Release|x64.ActiveCfg = Release|x64
		{F7F1E4F6-68CC-4C28-9A9E-D1659A91CDC8}.Release|x64.Build.0 = Release|x64
		{F7F1E4F6-68CC-4C28-9A9E-D1659A91CDC8}.Release|x86.ActiveCfg = Release|x86
		{F7F1E4F6-68CC-4C28-9A9E-D1659A91CDC8}.Release|x86.Build.0 = Release|x86
		{086822A3-7FC1-4ECF-973B-973E064AA143}.Debug|Any CPU.ActiveCfg = Debug|Any CPU
		{086822A3-7FC1-4ECF-973B-973E064AA143}.Debug|Any CPU.Build.0 = Debug|Any CPU
		{086822A3-7FC1-4ECF-973B-973E064AA143}.Debug|x64.ActiveCfg = Debug|x64
		{086822A3-7FC1-4ECF-973B-973E064AA143}.Debug|x64.Build.0 = Debug|x64
		{086822A3-7FC1-4ECF-973B-973E064AA143}.Debug|x86.ActiveCfg = Debug|x86
		{086822A3-7FC1-4ECF-973B-973E064AA143}.Debug|x86.Build.0 = Debug|x86
		{086822A3-7FC1-4ECF-973B-973E064AA143}.Release|Any CPU.ActiveCfg = Release|Any CPU
		{086822A3-7FC1-4ECF-973B-973E064AA143}.Release|Any CPU.Build.0 = Release|Any CPU
		{086822A3-7FC1-4ECF-973B-973E064AA143}.Release|x64.ActiveCfg = Release|x64
		{086822A3-7FC1-4ECF-973B-973E064AA143}.Release|x64.Build.0 = Release|x64
		{086822A3-7FC1-4ECF-973B-973E064AA143}.Release|x86.ActiveCfg = Release|x86
		{086822A3-7FC1-4ECF-973B-973E064AA143}.Release|x86.Build.0 = Release|x86
		{9EDE77A4-BB16-418D-9C6D-61C6A8F2B1BA}.Debug|Any CPU.ActiveCfg = Debug|Any CPU
		{9EDE77A4-BB16-418D-9C6D-61C6A8F2B1BA}.Debug|Any CPU.Build.0 = Debug|Any CPU
		{9EDE77A4-BB16-418D-9C6D-61C6A8F2B1BA}.Debug|x64.ActiveCfg = Debug|x64
		{9EDE77A4-BB16-418D-9C6D-61C6A8F2B1BA}.Debug|x64.Build.0 = Debug|x64
		{9EDE77A4-BB16-418D-9C6D-61C6A8F2B1BA}.Debug|x86.ActiveCfg = Debug|x86
		{9EDE77A4-BB16-418D-9C6D-61C6A8F2B1BA}.Debug|x86.Build.0 = Debug|x86
		{9EDE77A4-BB16-418D-9C6D-61C6A8F2B1BA}.Release|Any CPU.ActiveCfg = Release|Any CPU
		{9EDE77A4-BB16-418D-9C6D-61C6A8F2B1BA}.Release|Any CPU.Build.0 = Release|Any CPU
		{9EDE77A4-BB16-418D-9C6D-61C6A8F2B1BA}.Release|x64.ActiveCfg = Release|x64
		{9EDE77A4-BB16-418D-9C6D-61C6A8F2B1BA}.Release|x64.Build.0 = Release|x64
		{9EDE77A4-BB16-418D-9C6D-61C6A8F2B1BA}.Release|x86.ActiveCfg = Release|x86
		{9EDE77A4-BB16-418D-9C6D-61C6A8F2B1BA}.Release|x86.Build.0 = Release|x86
		{55E016BD-62E7-48E1-94E6-D82C4084B024}.Debug|Any CPU.ActiveCfg = Debug|Any CPU
		{55E016BD-62E7-48E1-94E6-D82C4084B024}.Debug|Any CPU.Build.0 = Debug|Any CPU
		{55E016BD-62E7-48E1-94E6-D82C4084B024}.Debug|x64.ActiveCfg = Debug|x64
		{55E016BD-62E7-48E1-94E6-D82C4084B024}.Debug|x64.Build.0 = Debug|x64
		{55E016BD-62E7-48E1-94E6-D82C4084B024}.Debug|x86.ActiveCfg = Debug|x86
		{55E016BD-62E7-48E1-94E6-D82C4084B024}.Debug|x86.Build.0 = Debug|x86
		{55E016BD-62E7-48E1-94E6-D82C4084B024}.Release|Any CPU.ActiveCfg = Release|Any CPU
		{55E016BD-62E7-48E1-94E6-D82C4084B024}.Release|Any CPU.Build.0 = Release|Any CPU
		{55E016BD-62E7-48E1-94E6-D82C4084B024}.Release|x64.ActiveCfg = Release|x64
		{55E016BD-62E7-48E1-94E6-D82C4084B024}.Release|x64.Build.0 = Release|x64
		{55E016BD-62E7-48E1-94E6-D82C4084B024}.Release|x86.ActiveCfg = Release|x86
		{55E016BD-62E7-48E1-94E6-D82C4084B024}.Release|x86.Build.0 = Release|x86
	EndGlobalSection
	GlobalSection(SolutionProperties) = preSolution
		HideSolutionNode = FALSE
	EndGlobalSection
	GlobalSection(ExtensibilityGlobals) = postSolution
		SolutionGuid = {5550B5F3-9A22-41EC-AF7D-0CA8377755ED}
	EndGlobalSection
EndGlobal
